
Microsoft Visual Studio Solution File, Format Version 12.00
# Visual Studio Version 17
VisualStudioVersion = 17.13.35806.99 d17.13
MinimumVisualStudioVersion = 10.0.40219.1
Project("{FAE04EC0-301F-11D3-BF4B-00C04F79EFBC}") = "CubemapAssemblerForm", "CubemapAssemblerForm\CubemapAssemblerForm.csproj", "{884FB1F1-9113-4465-8411-06E744E3F501}"
EndProject
Global
	GlobalSection(SolutionConfigurationPlatforms) = preSolution
		Debug|Any CPU = Debug|Any CPU
		Release|Any CPU = Release|Any CPU
	EndGlobalSection
	GlobalSection(ProjectConfigurationPlatforms) = postSolution
		{884FB1F1-9113-4465-8411-06E744E3F501}.Debug|Any CPU.ActiveCfg = Debug|Any CPU
		{884FB1F1-9113-4465-8411-06E744E3F501}.Debug|Any CPU.Build.0 = Debug|Any CPU
		{884FB1F1-9113-4465-8411-06E744E3F501}.Release|Any CPU.ActiveCfg = Release|Any CPU
		{884FB1F1-9113-4465-8411-06E744E3F501}.Release|Any CPU.Build.0 = Release|Any CPU
	EndGlobalSection
	GlobalSection(SolutionProperties) = preSolution
		HideSolutionNode = FALSE
	EndGlobalSection
	GlobalSection(ExtensibilityGlobals) = postSolution
		SolutionGuid = {92BDB1AE-C72C-4B53-99E1-D0A247E0858C}
	EndGlobalSection
EndGlobal
